
Microsoft Visual Studio Solution File, Format Version 12.00
# Visual Studio Version 16
VisualStudioVersion = 16.0.30406.217
MinimumVisualStudioVersion = 10.0.40219.1
Project("{2150E333-8FDC-42A3-9474-1A3956D46DE8}") = "src", "src", "{AD3C83BD-882D-453F-BDAD-381219DD2BF2}"
EndProject
Project("{2150E333-8FDC-42A3-9474-1A3956D46DE8}") = "Services", "Services", "{56879B6A-1830-4606-AF00-23C99B44BF2E}"
EndProject
Project("{2150E333-8FDC-42A3-9474-1A3956D46DE8}") = "Web", "Web", "{0B09A064-010F-47FA-A81D-EDB2607635A6}"
EndProject
Project("{2150E333-8FDC-42A3-9474-1A3956D46DE8}") = "Identidade", "Identidade", "{F33CBE0D-85F2-4FFE-913B-3D5206118E9D}"
EndProject
Project("{9A19103F-16F7-4668-BE54-9A1E7A4F7556}") = "NSE.Identidade.API", "src\services\NSE.Identidade.API\NSE.Identidade.API.csproj", "{3A7FEC42-5467-4C23-B626-72350B6BD50C}"
EndProject
Project("{2150E333-8FDC-42A3-9474-1A3956D46DE8}") = "MVC", "MVC", "{D8A2C34D-AB69-4D41-B1E0-C68E99B1078D}"
EndProject
Project("{9A19103F-16F7-4668-BE54-9A1E7A4F7556}") = "NSE.WebApp.MVC", "src\web\NSE.WebApp.MVC\NSE.WebApp.MVC.csproj", "{99A74910-1998-4ADC-A6C9-985A8E504F22}"
EndProject
Project("{2150E333-8FDC-42A3-9474-1A3956D46DE8}") = "Building Blocks", "Building Blocks", "{56B843AB-6FF6-4C9D-BC9D-FD503B89BF0E}"
EndProject
Project("{2150E333-8FDC-42A3-9474-1A3956D46DE8}") = "Core", "Core", "{5A6E8CC4-8E1C-4946-B3C7-0C9DA1600C7D}"
EndProject
Project("{9A19103F-16F7-4668-BE54-9A1E7A4F7556}") = "NSE.Core", "src\building blocks\NSE.Core\NSE.Core.csproj", "{6163ADE7-FE45-4DCC-B78B-3E12706575CD}"
EndProject
Project("{2150E333-8FDC-42A3-9474-1A3956D46DE8}") = "Carrinho", "Carrinho", "{B42327BB-4CE2-4ABD-9D6C-2120FDA0B1D3}"
EndProject
Project("{2150E333-8FDC-42A3-9474-1A3956D46DE8}") = "Catalogo", "Catalogo", "{F8714C20-4D5C-4345-BDE2-4861F04D23BD}"
EndProject
Project("{2150E333-8FDC-42A3-9474-1A3956D46DE8}") = "Cliente", "Cliente", "{7ECDA3E1-AD07-4367-82DD-855818A3863B}"
EndProject
Project("{2150E333-8FDC-42A3-9474-1A3956D46DE8}") = "Pagamento", "Pagamento", "{2AB44BCE-7FDD-4DDA-8DD4-6323F3AA4F8A}"
EndProject
Project("{2150E333-8FDC-42A3-9474-1A3956D46DE8}") = "Pedido", "Pedido", "{BEE65957-9DD0-4521-B602-B0B6F312E3D8}"
EndProject
Project("{9A19103F-16F7-4668-BE54-9A1E7A4F7556}") = "NSE.Carrinho.API", "src\services\NSE.Carrinho.API\NSE.Carrinho.API.csproj", "{F8E72558-5C28-4966-BE75-6A184C5E7C8A}"
EndProject
Project("{9A19103F-16F7-4668-BE54-9A1E7A4F7556}") = "NSE.Catalogo.API", "src\services\NSE.Catalogo.API\NSE.Catalogo.API.csproj", "{4E638BC3-0399-4BC1-AD90-E6C99B150D00}"
EndProject
Project("{9A19103F-16F7-4668-BE54-9A1E7A4F7556}") = "NSE.Pagamento.API", "src\services\NSE.Pagamento.API\NSE.Pagamento.API.csproj", "{E1ADCE3A-A6CC-485F-B500-6AE0132428CA}"
EndProject
Project("{9A19103F-16F7-4668-BE54-9A1E7A4F7556}") = "NSE.Pedido.API", "src\services\NSE.Pedido.API\NSE.Pedido.API.csproj", "{E3D6DB4A-0943-48F4-A8CF-C250FF781DDD}"
EndProject
Project("{9A19103F-16F7-4668-BE54-9A1E7A4F7556}") = "NSE.Clientes.API", "src\services\NSE.Cliente.API\NSE.Clientes.API.csproj", "{B5A694EB-CD40-4113-A3FB-DFB0E12D8F2B}"
EndProject
Project("{2150E333-8FDC-42A3-9474-1A3956D46DE8}") = "Services", "Services", "{9164016A-6921-4958-9A02-76E5C1E79421}"
EndProject
Project("{9A19103F-16F7-4668-BE54-9A1E7A4F7556}") = "NSE.WebAPI.Core", "src\building blocks\NSE.WebAPI.Core\NSE.WebAPI.Core.csproj", "{2708A9AE-46F2-4F22-BADF-C742DCC43FE9}"
EndProject
Project("{2150E333-8FDC-42A3-9474-1A3956D46DE8}") = "MessageBus", "MessageBus", "{F45DE0FF-8004-4B6E-B607-D039E93EBE00}"
EndProject
Project("{FAE04EC0-301F-11D3-BF4B-00C04F79EFBC}") = "NSE.MessageBus", "src\building blocks\NSE.MessageBus\NSE.MessageBus.csproj", "{91D024BA-1167-4705-BC4A-8D492A11DDB8}"
EndProject
Global
	GlobalSection(SolutionConfigurationPlatforms) = preSolution
		Debug|Any CPU = Debug|Any CPU
		Release|Any CPU = Release|Any CPU
	EndGlobalSection
	GlobalSection(ProjectConfigurationPlatforms) = postSolution
		{3A7FEC42-5467-4C23-B626-72350B6BD50C}.Debug|Any CPU.ActiveCfg = Debug|Any CPU
		{3A7FEC42-5467-4C23-B626-72350B6BD50C}.Debug|Any CPU.Build.0 = Debug|Any CPU
		{3A7FEC42-5467-4C23-B626-72350B6BD50C}.Release|Any CPU.ActiveCfg = Release|Any CPU
		{3A7FEC42-5467-4C23-B626-72350B6BD50C}.Release|Any CPU.Build.0 = Release|Any CPU
		{99A74910-1998-4ADC-A6C9-985A8E504F22}.Debug|Any CPU.ActiveCfg = Debug|Any CPU
		{99A74910-1998-4ADC-A6C9-985A8E504F22}.Debug|Any CPU.Build.0 = Debug|Any CPU
		{99A74910-1998-4ADC-A6C9-985A8E504F22}.Release|Any CPU.ActiveCfg = Release|Any CPU
		{99A74910-1998-4ADC-A6C9-985A8E504F22}.Release|Any CPU.Build.0 = Release|Any CPU
		{6163ADE7-FE45-4DCC-B78B-3E12706575CD}.Debug|Any CPU.ActiveCfg = Debug|Any CPU
		{6163ADE7-FE45-4DCC-B78B-3E12706575CD}.Debug|Any CPU.Build.0 = Debug|Any CPU
		{6163ADE7-FE45-4DCC-B78B-3E12706575CD}.Release|Any CPU.ActiveCfg = Release|Any CPU
		{6163ADE7-FE45-4DCC-B78B-3E12706575CD}.Release|Any CPU.Build.0 = Release|Any CPU
		{F8E72558-5C28-4966-BE75-6A184C5E7C8A}.Debug|Any CPU.ActiveCfg = Debug|Any CPU
		{F8E72558-5C28-4966-BE75-6A184C5E7C8A}.Debug|Any CPU.Build.0 = Debug|Any CPU
		{F8E72558-5C28-4966-BE75-6A184C5E7C8A}.Release|Any CPU.ActiveCfg = Release|Any CPU
		{F8E72558-5C28-4966-BE75-6A184C5E7C8A}.Release|Any CPU.Build.0 = Release|Any CPU
		{4E638BC3-0399-4BC1-AD90-E6C99B150D00}.Debug|Any CPU.ActiveCfg = Debug|Any CPU
		{4E638BC3-0399-4BC1-AD90-E6C99B150D00}.Debug|Any CPU.Build.0 = Debug|Any CPU
		{4E638BC3-0399-4BC1-AD90-E6C99B150D00}.Release|Any CPU.ActiveCfg = Release|Any CPU
		{4E638BC3-0399-4BC1-AD90-E6C99B150D00}.Release|Any CPU.Build.0 = Release|Any CPU
		{E1ADCE3A-A6CC-485F-B500-6AE0132428CA}.Debug|Any CPU.ActiveCfg = Debug|Any CPU
		{E1ADCE3A-A6CC-485F-B500-6AE0132428CA}.Debug|Any CPU.Build.0 = Debug|Any CPU
		{E1ADCE3A-A6CC-485F-B500-6AE0132428CA}.Release|Any CPU.ActiveCfg = Release|Any CPU
		{E1ADCE3A-A6CC-485F-B500-6AE0132428CA}.Release|Any CPU.Build.0 = Release|Any CPU
		{E3D6DB4A-0943-48F4-A8CF-C250FF781DDD}.Debug|Any CPU.ActiveCfg = Debug|Any CPU
		{E3D6DB4A-0943-48F4-A8CF-C250FF781DDD}.Debug|Any CPU.Build.0 = Debug|Any CPU
		{E3D6DB4A-0943-48F4-A8CF-C250FF781DDD}.Release|Any CPU.ActiveCfg = Release|Any CPU
		{E3D6DB4A-0943-48F4-A8CF-C250FF781DDD}.Release|Any CPU.Build.0 = Release|Any CPU
		{B5A694EB-CD40-4113-A3FB-DFB0E12D8F2B}.Debug|Any CPU.ActiveCfg = Debug|Any CPU
		{B5A694EB-CD40-4113-A3FB-DFB0E12D8F2B}.Debug|Any CPU.Build.0 = Debug|Any CPU
		{B5A694EB-CD40-4113-A3FB-DFB0E12D8F2B}.Release|Any CPU.ActiveCfg = Release|Any CPU
		{B5A694EB-CD40-4113-A3FB-DFB0E12D8F2B}.Release|Any CPU.Build.0 = Release|Any CPU
		{2708A9AE-46F2-4F22-BADF-C742DCC43FE9}.Debug|Any CPU.ActiveCfg = Debug|Any CPU
		{2708A9AE-46F2-4F22-BADF-C742DCC43FE9}.Debug|Any CPU.Build.0 = Debug|Any CPU
		{2708A9AE-46F2-4F22-BADF-C742DCC43FE9}.Release|Any CPU.ActiveCfg = Release|Any CPU
		{2708A9AE-46F2-4F22-BADF-C742DCC43FE9}.Release|Any CPU.Build.0 = Release|Any CPU
		{91D024BA-1167-4705-BC4A-8D492A11DDB8}.Debug|Any CPU.ActiveCfg = Debug|Any CPU
		{91D024BA-1167-4705-BC4A-8D492A11DDB8}.Debug|Any CPU.Build.0 = Debug|Any CPU
		{91D024BA-1167-4705-BC4A-8D492A11DDB8}.Release|Any CPU.ActiveCfg = Release|Any CPU
		{91D024BA-1167-4705-BC4A-8D492A11DDB8}.Release|Any CPU.Build.0 = Release|Any CPU
	EndGlobalSection
	GlobalSection(SolutionProperties) = preSolution
		HideSolutionNode = FALSE
	EndGlobalSection
	GlobalSection(NestedProjects) = preSolution
		{56879B6A-1830-4606-AF00-23C99B44BF2E} = {AD3C83BD-882D-453F-BDAD-381219DD2BF2}
		{0B09A064-010F-47FA-A81D-EDB2607635A6} = {AD3C83BD-882D-453F-BDAD-381219DD2BF2}
		{F33CBE0D-85F2-4FFE-913B-3D5206118E9D} = {56879B6A-1830-4606-AF00-23C99B44BF2E}
		{3A7FEC42-5467-4C23-B626-72350B6BD50C} = {F33CBE0D-85F2-4FFE-913B-3D5206118E9D}
		{D8A2C34D-AB69-4D41-B1E0-C68E99B1078D} = {0B09A064-010F-47FA-A81D-EDB2607635A6}
		{99A74910-1998-4ADC-A6C9-985A8E504F22} = {D8A2C34D-AB69-4D41-B1E0-C68E99B1078D}
		{56B843AB-6FF6-4C9D-BC9D-FD503B89BF0E} = {AD3C83BD-882D-453F-BDAD-381219DD2BF2}
		{5A6E8CC4-8E1C-4946-B3C7-0C9DA1600C7D} = {56B843AB-6FF6-4C9D-BC9D-FD503B89BF0E}
		{6163ADE7-FE45-4DCC-B78B-3E12706575CD} = {5A6E8CC4-8E1C-4946-B3C7-0C9DA1600C7D}
		{B42327BB-4CE2-4ABD-9D6C-2120FDA0B1D3} = {56879B6A-1830-4606-AF00-23C99B44BF2E}
		{F8714C20-4D5C-4345-BDE2-4861F04D23BD} = {56879B6A-1830-4606-AF00-23C99B44BF2E}
		{7ECDA3E1-AD07-4367-82DD-855818A3863B} = {56879B6A-1830-4606-AF00-23C99B44BF2E}
		{2AB44BCE-7FDD-4DDA-8DD4-6323F3AA4F8A} = {56879B6A-1830-4606-AF00-23C99B44BF2E}
		{BEE65957-9DD0-4521-B602-B0B6F312E3D8} = {56879B6A-1830-4606-AF00-23C99B44BF2E}
		{F8E72558-5C28-4966-BE75-6A184C5E7C8A} = {B42327BB-4CE2-4ABD-9D6C-2120FDA0B1D3}
		{4E638BC3-0399-4BC1-AD90-E6C99B150D00} = {F8714C20-4D5C-4345-BDE2-4861F04D23BD}
		{E1ADCE3A-A6CC-485F-B500-6AE0132428CA} = {2AB44BCE-7FDD-4DDA-8DD4-6323F3AA4F8A}
		{E3D6DB4A-0943-48F4-A8CF-C250FF781DDD} = {BEE65957-9DD0-4521-B602-B0B6F312E3D8}
		{B5A694EB-CD40-4113-A3FB-DFB0E12D8F2B} = {7ECDA3E1-AD07-4367-82DD-855818A3863B}
		{9164016A-6921-4958-9A02-76E5C1E79421} = {56B843AB-6FF6-4C9D-BC9D-FD503B89BF0E}
		{2708A9AE-46F2-4F22-BADF-C742DCC43FE9} = {9164016A-6921-4958-9A02-76E5C1E79421}
		{F45DE0FF-8004-4B6E-B607-D039E93EBE00} = {56B843AB-6FF6-4C9D-BC9D-FD503B89BF0E}
		{91D024BA-1167-4705-BC4A-8D492A11DDB8} = {F45DE0FF-8004-4B6E-B607-D039E93EBE00}
	EndGlobalSection
	GlobalSection(ExtensibilityGlobals) = postSolution
		SolutionGuid = {43279316-6F4B-4254-8DD1-4DA7F19090CE}
	EndGlobalSection
EndGlobal
